
Microsoft Visual Studio Solution File, Format Version 12.00
# Visual Studio Version 17
VisualStudioVersion = 17.5.002.0
MinimumVisualStudioVersion = 10.0.40219.1
Project("{9A19103F-16F7-4668-BE54-9A1E7A4F7556}") = "cachorro", "cachorro.csproj", "{A0912B8F-2FC3-43B0-888A-86E94468C729}"
EndProject
Global
	GlobalSection(SolutionConfigurationPlatforms) = preSolution
		Debug|Any CPU = Debug|Any CPU
		Release|Any CPU = Release|Any CPU
	EndGlobalSection
	GlobalSection(ProjectConfigurationPlatforms) = postSolution
		{A0912B8F-2FC3-43B0-888A-86E94468C729}.Debug|Any CPU.ActiveCfg = Debug|Any CPU
		{A0912B8F-2FC3-43B0-888A-86E94468C729}.Debug|Any CPU.Build.0 = Debug|Any CPU
		{A0912B8F-2FC3-43B0-888A-86E94468C729}.Release|Any CPU.ActiveCfg = Release|Any CPU
		{A0912B8F-2FC3-43B0-888A-86E94468C729}.Release|Any CPU.Build.0 = Release|Any CPU
	EndGlobalSection
	GlobalSection(SolutionProperties) = preSolution
		HideSolutionNode = FALSE
	EndGlobalSection
	GlobalSection(ExtensibilityGlobals) = postSolution
		SolutionGuid = {6B417FD0-6FD8-4DEF-BFD2-7D9EC85F6DF2}
	EndGlobalSection
EndGlobal
